
Microsoft Visual Studio Solution File, Format Version 12.00
# Visual Studio Version 16
VisualStudioVersion = 16.0.30804.86
MinimumVisualStudioVersion = 10.0.40219.1
Project("{FAE04EC0-301F-11D3-BF4B-00C04F79EFBC}") = "todo.api.ws", "todo.api.ws\todo.api.ws.csproj", "{0C625642-A69C-4B0D-AC68-A71F80E894CB}"
EndProject
Global
	GlobalSection(SolutionConfigurationPlatforms) = preSolution
		Debug|Any CPU = Debug|Any CPU
		Release|Any CPU = Release|Any CPU
	EndGlobalSection
	GlobalSection(ProjectConfigurationPlatforms) = postSolution
		{0C625642-A69C-4B0D-AC68-A71F80E894CB}.Debug|Any CPU.ActiveCfg = Debug|Any CPU
		{0C625642-A69C-4B0D-AC68-A71F80E894CB}.Debug|Any CPU.Build.0 = Debug|Any CPU
		{0C625642-A69C-4B0D-AC68-A71F80E894CB}.Release|Any CPU.ActiveCfg = Release|Any CPU
		{0C625642-A69C-4B0D-AC68-A71F80E894CB}.Release|Any CPU.Build.0 = Release|Any CPU
	EndGlobalSection
	GlobalSection(SolutionProperties) = preSolution
		HideSolutionNode = FALSE
	EndGlobalSection
	GlobalSection(ExtensibilityGlobals) = postSolution
		SolutionGuid = {6F75E9C8-713F-4D5A-9738-65626B62B914}
	EndGlobalSection
EndGlobal
